
Microsoft Visual Studio Solution File, Format Version 12.00
# Visual Studio Version 17
VisualStudioVersion = 17.7.34018.315
MinimumVisualStudioVersion = 10.0.40219.1
Project("{FAE04EC0-301F-11D3-BF4B-00C04F79EFBC}") = "Taschenrechner", "Taschenrechner\Taschenrechner.csproj", "{632F0B1E-DCC3-479F-9FCD-921F463A14A3}"
EndProject
Project("{FAE04EC0-301F-11D3-BF4B-00C04F79EFBC}") = "Schleifen", "Schleifen\Schleifen.csproj", "{763C9194-E47C-4A7A-9DAF-9B071191D187}"
EndProject
Global
	GlobalSection(SolutionConfigurationPlatforms) = preSolution
		Debug|Any CPU = Debug|Any CPU
		Release|Any CPU = Release|Any CPU
	EndGlobalSection
	GlobalSection(ProjectConfigurationPlatforms) = postSolution
		{632F0B1E-DCC3-479F-9FCD-921F463A14A3}.Debug|Any CPU.ActiveCfg = Debug|Any CPU
		{632F0B1E-DCC3-479F-9FCD-921F463A14A3}.Debug|Any CPU.Build.0 = Debug|Any CPU
		{632F0B1E-DCC3-479F-9FCD-921F463A14A3}.Release|Any CPU.ActiveCfg = Release|Any CPU
		{632F0B1E-DCC3-479F-9FCD-921F463A14A3}.Release|Any CPU.Build.0 = Release|Any CPU
		{763C9194-E47C-4A7A-9DAF-9B071191D187}.Debug|Any CPU.ActiveCfg = Debug|Any CPU
		{763C9194-E47C-4A7A-9DAF-9B071191D187}.Debug|Any CPU.Build.0 = Debug|Any CPU
		{763C9194-E47C-4A7A-9DAF-9B071191D187}.Release|Any CPU.ActiveCfg = Release|Any CPU
		{763C9194-E47C-4A7A-9DAF-9B071191D187}.Release|Any CPU.Build.0 = Release|Any CPU
	EndGlobalSection
	GlobalSection(SolutionProperties) = preSolution
		HideSolutionNode = FALSE
	EndGlobalSection
	GlobalSection(ExtensibilityGlobals) = postSolution
		SolutionGuid = {769E5EC7-6629-40AE-87C2-9A9F64FD0D36}
	EndGlobalSection
EndGlobal
